{
  "name": "ccported.github.io",
  "version": "1.0.0",
  "lockfileVersion": 2,
  "requires": true,
  "packages": {
    "": {
      "name": "ccported.github.io",
      "version": "1.0.0",
      "license": "ISC",
      "dependencies": {
        "@sojs_coder/htmlc": "^1.3.5",
        "@tomphttp/bare-server-node": "^2.0.5",
        "bun": "latest"
      }
    },
    "node_modules/@oven/bun-darwin-aarch64": {
      "version": "1.2.13",
      "resolved": "https://registry.npmjs.org/@oven/bun-darwin-aarch64/-/bun-darwin-aarch64-1.2.13.tgz",
      "integrity": "sha512-AOU4O9jxRp2TXeqoEfOjEaUNZb3+SUPBN8TIEnUjpnyLWPoYJGCeNdQuCDcUkmF3MJEmEuJdyF1IeOITozpC6A==",
      "cpu": [
        "arm64"
      ],
      "optional": true,
      "os": [
        "darwin"
      ]
    },
    "node_modules/@oven/bun-darwin-x64": {
      "version": "1.2.13",
      "resolved": "https://registry.npmjs.org/@oven/bun-darwin-x64/-/bun-darwin-x64-1.2.13.tgz",
      "integrity": "sha512-kJ2iOvxY8uz5/nu+8zIjKf4LmRIHBH9pJJM2q+tA47U04Tod6k6rtntDOI8SdmRe2M5c87RfbadWdxhpYHFIWQ==",
      "cpu": [
        "x64"
      ],
      "optional": true,
      "os": [
        "darwin"
      ]
    },
    "node_modules/@oven/bun-darwin-x64-baseline": {
      "version": "1.2.13",
      "resolved": "https://registry.npmjs.org/@oven/bun-darwin-x64-baseline/-/bun-darwin-x64-baseline-1.2.13.tgz",
      "integrity": "sha512-bZpIUOvx9np07AmH5MVXGYHWZ40m2vCpNV74fma6sCzBlssJclS2V3BZgO+lLvtUKSqnW3HAyJBGsRF34wPbNw==",
      "cpu": [
        "x64"
      ],
      "optional": true,
      "os": [
        "darwin"
      ]
    },
    "node_modules/@oven/bun-linux-aarch64": {
      "version": "1.2.13",
      "resolved": "https://registry.npmjs.org/@oven/bun-linux-aarch64/-/bun-linux-aarch64-1.2.13.tgz",
      "integrity": "sha512-hocSJmblX4CCjP1HpaM64I65erB+CONUCCwKzGGOfLGLobVi+vn/G56UaYWsje1y/Z7WlVaUSgKYVWl7EJ6T9g==",
      "cpu": [
        "arm64"
      ],
      "optional": true,
      "os": [
        "linux"
      ]
    },
    "node_modules/@oven/bun-linux-aarch64-musl": {
      "version": "1.2.13",
      "resolved": "https://registry.npmjs.org/@oven/bun-linux-aarch64-musl/-/bun-linux-aarch64-musl-1.2.13.tgz",
      "integrity": "sha512-P56m718KXeyu4Vq5fsESFktfu+0Us1jhu/ZzgHYFRYJcm/hjs6AUA/RJtUAifFy5PNAM5IJdrYl3xPsE8Wa+pg==",
      "cpu": [
        "aarch64"
      ],
      "optional": true,
      "os": [
        "linux"
      ]
    },
    "node_modules/@oven/bun-linux-x64": {
      "version": "1.2.13",
      "resolved": "https://registry.npmjs.org/@oven/bun-linux-x64/-/bun-linux-x64-1.2.13.tgz",
      "integrity": "sha512-pf8+Kn2GLrFKLcb8JSLM6Z147Af6L9GQODpnOHM4gvXQv6E/GwQg47/o+7f1XCfzib3fdzOTJlDPvvO1rnXOTA==",
      "cpu": [
        "x64"
      ],
      "optional": true,
      "os": [
        "linux"
      ]
    },
    "node_modules/@oven/bun-linux-x64-baseline": {
      "version": "1.2.13",
      "resolved": "https://registry.npmjs.org/@oven/bun-linux-x64-baseline/-/bun-linux-x64-baseline-1.2.13.tgz",
      "integrity": "sha512-9n1ai2ejEpxEMqpbHQMWFyvacq3MYsB7gh5mxRlFwhNFPCWu/Sv6gyrO+q2vkOYgcEIGhJb6dqJ6L9vBNaL61A==",
      "cpu": [
        "x64"
      ],
      "optional": true,
      "os": [
        "linux"
      ]
    },
    "node_modules/@oven/bun-linux-x64-musl": {
      "version": "1.2.13",
      "resolved": "https://registry.npmjs.org/@oven/bun-linux-x64-musl/-/bun-linux-x64-musl-1.2.13.tgz",
      "integrity": "sha512-w5Ob+GM3Ww4yRA6f1N845o6wEvuwHSmipFUGaRaVp4UELrFnIV9G3pmrlBbYHFnWhk13o8Q7H1/4ZphOkCRJmQ==",
      "cpu": [
        "x64"
      ],
      "optional": true,
      "os": [
        "linux"
      ]
    },
    "node_modules/@oven/bun-linux-x64-musl-baseline": {
      "version": "1.2.13",
      "resolved": "https://registry.npmjs.org/@oven/bun-linux-x64-musl-baseline/-/bun-linux-x64-musl-baseline-1.2.13.tgz",
      "integrity": "sha512-VI8hVdfqk0QmbAbyrsIdo2O95n3fkbt72E0h3Wu69cHD1iKJqRXG28R8QoHdehoLSJnKVzRTwsUzHp764nefWQ==",
      "cpu": [
        "x64"
      ],
      "optional": true,
      "os": [
        "linux"
      ]
    },
    "node_modules/@oven/bun-windows-x64": {
      "version": "1.2.13",
      "resolved": "https://registry.npmjs.org/@oven/bun-windows-x64/-/bun-windows-x64-1.2.13.tgz",
      "integrity": "sha512-sArgbRmT7V3mUdNFaAdUcuJsuS+oeMDZLPWFSg0gtQZpRrURs9nPzEnZMmVCFo4+kPF9Tb5ujQT9uDySh6/qVg==",
      "cpu": [
        "x64"
      ],
      "optional": true,
      "os": [
        "win32"
      ]
    },
    "node_modules/@oven/bun-windows-x64-baseline": {
      "version": "1.2.13",
      "resolved": "https://registry.npmjs.org/@oven/bun-windows-x64-baseline/-/bun-windows-x64-baseline-1.2.13.tgz",
      "integrity": "sha512-Aiezu99fOUJJpzGuylOJryd6w9Syg2TBigHeXV2+RJsouBzvAnIEYIBA94ZspRq1ulD26Wmkk8Ae+jZ4edk9GA==",
      "cpu": [
        "x64"
      ],
      "optional": true,
      "os": [
        "win32"
      ]
    },
    "node_modules/@sojs_coder/htmlc": {
      "version": "1.3.5",
      "resolved": "https://registry.npmjs.org/@sojs_coder/htmlc/-/htmlc-1.3.5.tgz",
      "integrity": "sha512-4QVqhRLej5ELcgDFJDFQFY05fUiP4XU4UTsEdMOdtxrTNcH3Dii9RT3qwv27cL12CvoagkzTVGqovHeFb2av6g==",
      "license": "MIT",
      "dependencies": {
        "ws": "^8.18.0"
      },
      "bin": {
        "htmlc": "index.js"
      },
      "engines": {
        "node": ">=14.0.0"
      }
    },
    "node_modules/@tomphttp/bare-server-node": {
      "version": "2.0.5",
      "resolved": "https://registry.npmjs.org/@tomphttp/bare-server-node/-/bare-server-node-2.0.5.tgz",
      "integrity": "sha512-j3355H1hsrsFCkFVePm7ccuUkjQq+Hgj/wnLmCQa2FzBh9B6+zRkd66kFHaYZ4PAOjSX5wHTKQuXVJrnb7GBxg==",
      "dependencies": {
        "async-exit-hook": "^2.0.1",
        "commander": "^10.0.1",
        "dotenv": "^16.0.3",
        "http-errors": "^2.0.0",
        "ipaddr.js": "^2.1.0",
        "source-map-support": "^0.5.21",
        "ws": "^8.18.0"
      },
      "bin": {
        "bare-server-node": "bin.js"
      },
      "engines": {
        "node": ">=18.0.0"
      }
    },
    "node_modules/async-exit-hook": {
      "version": "2.0.1",
      "resolved": "https://registry.npmjs.org/async-exit-hook/-/async-exit-hook-2.0.1.tgz",
      "integrity": "sha512-NW2cX8m1Q7KPA7a5M2ULQeZ2wR5qI5PAbw5L0UOMxdioVk9PMZ0h1TmyZEkPYrCvYjDlFICusOu1dlEKAAeXBw==",
      "engines": {
        "node": ">=0.12.0"
      }
    },
    "node_modules/buffer-from": {
      "version": "1.1.2",
      "resolved": "https://registry.npmjs.org/buffer-from/-/buffer-from-1.1.2.tgz",
      "integrity": "sha512-E+XQCRwSbaaiChtv6k6Dwgc+bx+Bs6vuKJHHl5kox/BaKbhiXzqQOwK4cO22yElGp2OCmjwVhT3HmxgyPGnJfQ=="
    },
    "node_modules/bun": {
      "version": "1.2.13",
      "resolved": "https://registry.npmjs.org/bun/-/bun-1.2.13.tgz",
      "integrity": "sha512-EhP1MhFbicqtaRSFCbEZdkcFco8Ov47cNJcB9QmKS8U4cojKHfLU+dQR14lCvLYmtBvGgwv/Lp+9SSver2OPzQ==",
      "cpu": [
        "arm64",
        "x64",
        "aarch64"
      ],
      "hasInstallScript": true,
      "os": [
        "darwin",
        "linux",
        "win32"
      ],
      "bin": {
        "bun": "bin/bun.exe",
        "bunx": "bin/bun.exe"
      },
      "optionalDependencies": {
        "@oven/bun-darwin-aarch64": "1.2.13",
        "@oven/bun-darwin-x64": "1.2.13",
        "@oven/bun-darwin-x64-baseline": "1.2.13",
        "@oven/bun-linux-aarch64": "1.2.13",
        "@oven/bun-linux-aarch64-musl": "1.2.13",
        "@oven/bun-linux-x64": "1.2.13",
        "@oven/bun-linux-x64-baseline": "1.2.13",
        "@oven/bun-linux-x64-musl": "1.2.13",
        "@oven/bun-linux-x64-musl-baseline": "1.2.13",
        "@oven/bun-windows-x64": "1.2.13",
        "@oven/bun-windows-x64-baseline": "1.2.13"
      }
    },
    "node_modules/commander": {
      "version": "10.0.1",
      "resolved": "https://registry.npmjs.org/commander/-/commander-10.0.1.tgz",
      "integrity": "sha512-y4Mg2tXshplEbSGzx7amzPwKKOCGuoSRP/CjEdwwk0FOGlUbq6lKuoyDZTNZkmxHdJtp54hdfY/JUrdL7Xfdug==",
      "engines": {
        "node": ">=14"
      }
    },
    "node_modules/depd": {
      "version": "2.0.0",
      "resolved": "https://registry.npmjs.org/depd/-/depd-2.0.0.tgz",
      "integrity": "sha512-g7nH6P6dyDioJogAAGprGpCtVImJhpPk/roCzdb3fIh61/s/nPsfR6onyMwkCAR/OlC3yBC0lESvUoQEAssIrw==",
      "engines": {
        "node": ">= 0.8"
      }
    },
    "node_modules/dotenv": {
      "version": "16.5.0",
      "resolved": "https://registry.npmjs.org/dotenv/-/dotenv-16.5.0.tgz",
      "integrity": "sha512-m/C+AwOAr9/W1UOIZUo232ejMNnJAJtYQjUbHoNTBNTJSvqzzDh7vnrei3o3r3m9blf6ZoDkvcw0VmozNRFJxg==",
      "engines": {
        "node": ">=12"
      },
      "funding": {
        "url": "https://dotenvx.com"
      }
    },
    "node_modules/http-errors": {
      "version": "2.0.0",
      "resolved": "https://registry.npmjs.org/http-errors/-/http-errors-2.0.0.tgz",
      "integrity": "sha512-FtwrG/euBzaEjYeRqOgly7G0qviiXoJWnvEH2Z1plBdXgbyjv34pHTSb9zoeHMyDy33+DWy5Wt9Wo+TURtOYSQ==",
      "dependencies": {
        "depd": "2.0.0",
        "inherits": "2.0.4",
        "setprototypeof": "1.2.0",
        "statuses": "2.0.1",
        "toidentifier": "1.0.1"
      },
      "engines": {
        "node": ">= 0.8"
      }
    },
    "node_modules/inherits": {
      "version": "2.0.4",
      "resolved": "https://registry.npmjs.org/inherits/-/inherits-2.0.4.tgz",
      "integrity": "sha512-k/vGaX4/Yla3WzyMCvTQOXYeIHvqOKtnqBduzTHpzpQZzAskKMhZ2K+EnBiSM9zGSoIFeMpXKxa4dYeZIQqewQ=="
    },
    "node_modules/ipaddr.js": {
      "version": "2.2.0",
      "resolved": "https://registry.npmjs.org/ipaddr.js/-/ipaddr.js-2.2.0.tgz",
      "integrity": "sha512-Ag3wB2o37wslZS19hZqorUnrnzSkpOVy+IiiDEiTqNubEYpYuHWIf6K4psgN2ZWKExS4xhVCrRVfb/wfW8fWJA==",
      "engines": {
        "node": ">= 10"
      }
    },
    "node_modules/setprototypeof": {
      "version": "1.2.0",
      "resolved": "https://registry.npmjs.org/setprototypeof/-/setprototypeof-1.2.0.tgz",
      "integrity": "sha512-E5LDX7Wrp85Kil5bhZv46j8jOeboKq5JMmYM3gVGdGH8xFpPWXUMsNrlODCrkoxMEeNi/XZIwuRvY4XNwYMJpw=="
    },
    "node_modules/source-map": {
      "version": "0.6.1",
      "resolved": "https://registry.npmjs.org/source-map/-/source-map-0.6.1.tgz",
      "integrity": "sha512-UjgapumWlbMhkBgzT7Ykc5YXUT46F0iKu8SGXq0bcwP5dz/h0Plj6enJqjz1Zbq2l5WaqYnrVbwWOWMyF3F47g==",
      "engines": {
        "node": ">=0.10.0"
      }
    },
    "node_modules/source-map-support": {
      "version": "0.5.21",
      "resolved": "https://registry.npmjs.org/source-map-support/-/source-map-support-0.5.21.tgz",
      "integrity": "sha512-uBHU3L3czsIyYXKX88fdrGovxdSCoTGDRZ6SYXtSRxLZUzHg5P/66Ht6uoUlHu9EZod+inXhKo3qQgwXUT/y1w==",
      "dependencies": {
        "buffer-from": "^1.0.0",
        "source-map": "^0.6.0"
      }
    },
    "node_modules/statuses": {
      "version": "2.0.1",
      "resolved": "https://registry.npmjs.org/statuses/-/statuses-2.0.1.tgz",
      "integrity": "sha512-RwNA9Z/7PrK06rYLIzFMlaF+l73iwpzsqRIFgbMLbTcLD6cOao82TaWefPXQvB2fOC4AjuYSEndS7N/mTCbkdQ==",
      "engines": {
        "node": ">= 0.8"
      }
    },
    "node_modules/toidentifier": {
      "version": "1.0.1",
      "resolved": "https://registry.npmjs.org/toidentifier/-/toidentifier-1.0.1.tgz",
      "integrity": "sha512-o5sSPKEkg/DIQNmH43V0/uerLrpzVedkUh8tGNvaeXpfpuwjKenlSox/2O/BTlZUtEe+JG7s5YhEz608PlAHRA==",
      "engines": {
        "node": ">=0.6"
      }
    },
    "node_modules/ws": {
      "version": "8.18.1",
      "resolved": "https://registry.npmjs.org/ws/-/ws-8.18.1.tgz",
      "integrity": "sha512-RKW2aJZMXeMxVpnZ6bck+RswznaxmzdULiBr6KY7XkTnW8uvt0iT9H5DkHUChXrc+uurzwa0rVI16n/Xzjdz1w==",
      "license": "MIT",
      "engines": {
        "node": ">=10.0.0"
      },
      "peerDependencies": {
        "bufferutil": "^4.0.1",
        "utf-8-validate": ">=5.0.2"
      },
      "peerDependenciesMeta": {
        "bufferutil": {
          "optional": true
        },
        "utf-8-validate": {
          "optional": true
        }
      }
    }
  },
  "dependencies": {
    "@oven/bun-darwin-aarch64": {
      "version": "1.2.13",
      "resolved": "https://registry.npmjs.org/@oven/bun-darwin-aarch64/-/bun-darwin-aarch64-1.2.13.tgz",
      "integrity": "sha512-AOU4O9jxRp2TXeqoEfOjEaUNZb3+SUPBN8TIEnUjpnyLWPoYJGCeNdQuCDcUkmF3MJEmEuJdyF1IeOITozpC6A==",
      "optional": true
    },
    "@oven/bun-darwin-x64": {
      "version": "1.2.13",
      "resolved": "https://registry.npmjs.org/@oven/bun-darwin-x64/-/bun-darwin-x64-1.2.13.tgz",
      "integrity": "sha512-kJ2iOvxY8uz5/nu+8zIjKf4LmRIHBH9pJJM2q+tA47U04Tod6k6rtntDOI8SdmRe2M5c87RfbadWdxhpYHFIWQ==",
      "optional": true
    },
    "@oven/bun-darwin-x64-baseline": {
      "version": "1.2.13",
      "resolved": "https://registry.npmjs.org/@oven/bun-darwin-x64-baseline/-/bun-darwin-x64-baseline-1.2.13.tgz",
      "integrity": "sha512-bZpIUOvx9np07AmH5MVXGYHWZ40m2vCpNV74fma6sCzBlssJclS2V3BZgO+lLvtUKSqnW3HAyJBGsRF34wPbNw==",
      "optional": true
    },
    "@oven/bun-linux-aarch64": {
      "version": "1.2.13",
      "resolved": "https://registry.npmjs.org/@oven/bun-linux-aarch64/-/bun-linux-aarch64-1.2.13.tgz",
      "integrity": "sha512-hocSJmblX4CCjP1HpaM64I65erB+CONUCCwKzGGOfLGLobVi+vn/G56UaYWsje1y/Z7WlVaUSgKYVWl7EJ6T9g==",
      "optional": true
    },
    "@oven/bun-linux-aarch64-musl": {
      "version": "1.2.13",
      "resolved": "https://registry.npmjs.org/@oven/bun-linux-aarch64-musl/-/bun-linux-aarch64-musl-1.2.13.tgz",
      "integrity": "sha512-P56m718KXeyu4Vq5fsESFktfu+0Us1jhu/ZzgHYFRYJcm/hjs6AUA/RJtUAifFy5PNAM5IJdrYl3xPsE8Wa+pg==",
      "optional": true
    },
    "@oven/bun-linux-x64": {
      "version": "1.2.13",
      "resolved": "https://registry.npmjs.org/@oven/bun-linux-x64/-/bun-linux-x64-1.2.13.tgz",
      "integrity": "sha512-pf8+Kn2GLrFKLcb8JSLM6Z147Af6L9GQODpnOHM4gvXQv6E/GwQg47/o+7f1XCfzib3fdzOTJlDPvvO1rnXOTA==",
      "optional": true
    },
    "@oven/bun-linux-x64-baseline": {
      "version": "1.2.13",
      "resolved": "https://registry.npmjs.org/@oven/bun-linux-x64-baseline/-/bun-linux-x64-baseline-1.2.13.tgz",
      "integrity": "sha512-9n1ai2ejEpxEMqpbHQMWFyvacq3MYsB7gh5mxRlFwhNFPCWu/Sv6gyrO+q2vkOYgcEIGhJb6dqJ6L9vBNaL61A==",
      "optional": true
    },
    "@oven/bun-linux-x64-musl": {
      "version": "1.2.13",
      "resolved": "https://registry.npmjs.org/@oven/bun-linux-x64-musl/-/bun-linux-x64-musl-1.2.13.tgz",
      "integrity": "sha512-w5Ob+GM3Ww4yRA6f1N845o6wEvuwHSmipFUGaRaVp4UELrFnIV9G3pmrlBbYHFnWhk13o8Q7H1/4ZphOkCRJmQ==",
      "optional": true
    },
    "@oven/bun-linux-x64-musl-baseline": {
      "version": "1.2.13",
      "resolved": "https://registry.npmjs.org/@oven/bun-linux-x64-musl-baseline/-/bun-linux-x64-musl-baseline-1.2.13.tgz",
      "integrity": "sha512-VI8hVdfqk0QmbAbyrsIdo2O95n3fkbt72E0h3Wu69cHD1iKJqRXG28R8QoHdehoLSJnKVzRTwsUzHp764nefWQ==",
      "optional": true
    },
    "@oven/bun-windows-x64": {
      "version": "1.2.13",
      "resolved": "https://registry.npmjs.org/@oven/bun-windows-x64/-/bun-windows-x64-1.2.13.tgz",
      "integrity": "sha512-sArgbRmT7V3mUdNFaAdUcuJsuS+oeMDZLPWFSg0gtQZpRrURs9nPzEnZMmVCFo4+kPF9Tb5ujQT9uDySh6/qVg==",
      "optional": true
    },
    "@oven/bun-windows-x64-baseline": {
      "version": "1.2.13",
      "resolved": "https://registry.npmjs.org/@oven/bun-windows-x64-baseline/-/bun-windows-x64-baseline-1.2.13.tgz",
      "integrity": "sha512-Aiezu99fOUJJpzGuylOJryd6w9Syg2TBigHeXV2+RJsouBzvAnIEYIBA94ZspRq1ulD26Wmkk8Ae+jZ4edk9GA==",
      "optional": true
    },
    "@sojs_coder/htmlc": {
      "version": "1.3.5",
      "resolved": "https://registry.npmjs.org/@sojs_coder/htmlc/-/htmlc-1.3.5.tgz",
      "integrity": "sha512-4QVqhRLej5ELcgDFJDFQFY05fUiP4XU4UTsEdMOdtxrTNcH3Dii9RT3qwv27cL12CvoagkzTVGqovHeFb2av6g==",
      "requires": {
        "ws": "^8.18.0"
      }
    },
    "@tomphttp/bare-server-node": {
      "version": "2.0.5",
      "resolved": "https://registry.npmjs.org/@tomphttp/bare-server-node/-/bare-server-node-2.0.5.tgz",
      "integrity": "sha512-j3355H1hsrsFCkFVePm7ccuUkjQq+Hgj/wnLmCQa2FzBh9B6+zRkd66kFHaYZ4PAOjSX5wHTKQuXVJrnb7GBxg==",
      "requires": {
        "async-exit-hook": "^2.0.1",
        "commander": "^10.0.1",
        "dotenv": "^16.0.3",
        "http-errors": "^2.0.0",
        "ipaddr.js": "^2.1.0",
        "source-map-support": "^0.5.21",
        "ws": "^8.18.0"
      }
    },
    "async-exit-hook": {
      "version": "2.0.1",
      "resolved": "https://registry.npmjs.org/async-exit-hook/-/async-exit-hook-2.0.1.tgz",
      "integrity": "sha512-NW2cX8m1Q7KPA7a5M2ULQeZ2wR5qI5PAbw5L0UOMxdioVk9PMZ0h1TmyZEkPYrCvYjDlFICusOu1dlEKAAeXBw=="
    },
    "buffer-from": {
      "version": "1.1.2",
      "resolved": "https://registry.npmjs.org/buffer-from/-/buffer-from-1.1.2.tgz",
      "integrity": "sha512-E+XQCRwSbaaiChtv6k6Dwgc+bx+Bs6vuKJHHl5kox/BaKbhiXzqQOwK4cO22yElGp2OCmjwVhT3HmxgyPGnJfQ=="
    },
    "bun": {
      "version": "1.2.13",
      "resolved": "https://registry.npmjs.org/bun/-/bun-1.2.13.tgz",
      "integrity": "sha512-EhP1MhFbicqtaRSFCbEZdkcFco8Ov47cNJcB9QmKS8U4cojKHfLU+dQR14lCvLYmtBvGgwv/Lp+9SSver2OPzQ==",
      "requires": {
        "@oven/bun-darwin-aarch64": "1.2.13",
        "@oven/bun-darwin-x64": "1.2.13",
        "@oven/bun-darwin-x64-baseline": "1.2.13",
        "@oven/bun-linux-aarch64": "1.2.13",
        "@oven/bun-linux-aarch64-musl": "1.2.13",
        "@oven/bun-linux-x64": "1.2.13",
        "@oven/bun-linux-x64-baseline": "1.2.13",
        "@oven/bun-linux-x64-musl": "1.2.13",
        "@oven/bun-linux-x64-musl-baseline": "1.2.13",
        "@oven/bun-windows-x64": "1.2.13",
        "@oven/bun-windows-x64-baseline": "1.2.13"
      }
    },
    "commander": {
      "version": "10.0.1",
      "resolved": "https://registry.npmjs.org/commander/-/commander-10.0.1.tgz",
      "integrity": "sha512-y4Mg2tXshplEbSGzx7amzPwKKOCGuoSRP/CjEdwwk0FOGlUbq6lKuoyDZTNZkmxHdJtp54hdfY/JUrdL7Xfdug=="
    },
    "depd": {
      "version": "2.0.0",
      "resolved": "https://registry.npmjs.org/depd/-/depd-2.0.0.tgz",
      "integrity": "sha512-g7nH6P6dyDioJogAAGprGpCtVImJhpPk/roCzdb3fIh61/s/nPsfR6onyMwkCAR/OlC3yBC0lESvUoQEAssIrw=="
    },
    "dotenv": {
      "version": "16.5.0",
      "resolved": "https://registry.npmjs.org/dotenv/-/dotenv-16.5.0.tgz",
      "integrity": "sha512-m/C+AwOAr9/W1UOIZUo232ejMNnJAJtYQjUbHoNTBNTJSvqzzDh7vnrei3o3r3m9blf6ZoDkvcw0VmozNRFJxg=="
    },
    "http-errors": {
      "version": "2.0.0",
      "resolved": "https://registry.npmjs.org/http-errors/-/http-errors-2.0.0.tgz",
      "integrity": "sha512-FtwrG/euBzaEjYeRqOgly7G0qviiXoJWnvEH2Z1plBdXgbyjv34pHTSb9zoeHMyDy33+DWy5Wt9Wo+TURtOYSQ==",
      "requires": {
        "depd": "2.0.0",
        "inherits": "2.0.4",
        "setprototypeof": "1.2.0",
        "statuses": "2.0.1",
        "toidentifier": "1.0.1"
      }
    },
    "inherits": {
      "version": "2.0.4",
      "resolved": "https://registry.npmjs.org/inherits/-/inherits-2.0.4.tgz",
      "integrity": "sha512-k/vGaX4/Yla3WzyMCvTQOXYeIHvqOKtnqBduzTHpzpQZzAskKMhZ2K+EnBiSM9zGSoIFeMpXKxa4dYeZIQqewQ=="
    },
    "ipaddr.js": {
      "version": "2.2.0",
      "resolved": "https://registry.npmjs.org/ipaddr.js/-/ipaddr.js-2.2.0.tgz",
      "integrity": "sha512-Ag3wB2o37wslZS19hZqorUnrnzSkpOVy+IiiDEiTqNubEYpYuHWIf6K4psgN2ZWKExS4xhVCrRVfb/wfW8fWJA=="
    },
    "setprototypeof": {
      "version": "1.2.0",
      "resolved": "https://registry.npmjs.org/setprototypeof/-/setprototypeof-1.2.0.tgz",
      "integrity": "sha512-E5LDX7Wrp85Kil5bhZv46j8jOeboKq5JMmYM3gVGdGH8xFpPWXUMsNrlODCrkoxMEeNi/XZIwuRvY4XNwYMJpw=="
    },
    "source-map": {
      "version": "0.6.1",
      "resolved": "https://registry.npmjs.org/source-map/-/source-map-0.6.1.tgz",
      "integrity": "sha512-UjgapumWlbMhkBgzT7Ykc5YXUT46F0iKu8SGXq0bcwP5dz/h0Plj6enJqjz1Zbq2l5WaqYnrVbwWOWMyF3F47g=="
    },
    "source-map-support": {
      "version": "0.5.21",
      "resolved": "https://registry.npmjs.org/source-map-support/-/source-map-support-0.5.21.tgz",
      "integrity": "sha512-uBHU3L3czsIyYXKX88fdrGovxdSCoTGDRZ6SYXtSRxLZUzHg5P/66Ht6uoUlHu9EZod+inXhKo3qQgwXUT/y1w==",
      "requires": {
        "buffer-from": "^1.0.0",
        "source-map": "^0.6.0"
      }
    },
    "statuses": {
      "version": "2.0.1",
      "resolved": "https://registry.npmjs.org/statuses/-/statuses-2.0.1.tgz",
      "integrity": "sha512-RwNA9Z/7PrK06rYLIzFMlaF+l73iwpzsqRIFgbMLbTcLD6cOao82TaWefPXQvB2fOC4AjuYSEndS7N/mTCbkdQ=="
    },
    "toidentifier": {
      "version": "1.0.1",
      "resolved": "https://registry.npmjs.org/toidentifier/-/toidentifier-1.0.1.tgz",
      "integrity": "sha512-o5sSPKEkg/DIQNmH43V0/uerLrpzVedkUh8tGNvaeXpfpuwjKenlSox/2O/BTlZUtEe+JG7s5YhEz608PlAHRA=="
    },
    "ws": {
      "version": "8.18.1",
      "resolved": "https://registry.npmjs.org/ws/-/ws-8.18.1.tgz",
      "integrity": "sha512-RKW2aJZMXeMxVpnZ6bck+RswznaxmzdULiBr6KY7XkTnW8uvt0iT9H5DkHUChXrc+uurzwa0rVI16n/Xzjdz1w==",
      "requires": {}
    }
  }
}
